
Microsoft Visual Studio Solution File, Format Version 12.00
# Visual Studio Version 17
VisualStudioVersion = 17.9.34728.123
MinimumVisualStudioVersion = 10.0.40219.1
Project("{FAE04EC0-301F-11D3-BF4B-00C04F79EFBC}") = "L13AutoRestart", "L13AutoRestart\L13AutoRestart.csproj", "{016374B3-C165-4E0E-B2D2-B58E6780F2B5}"
EndProject
Global
	GlobalSection(SolutionConfigurationPlatforms) = preSolution
		Debug|Any CPU = Debug|Any CPU
		Release|Any CPU = Release|Any CPU
	EndGlobalSection
	GlobalSection(ProjectConfigurationPlatforms) = postSolution
		{016374B3-C165-4E0E-B2D2-B58E6780F2B5}.Debug|Any CPU.ActiveCfg = Debug|Any CPU
		{016374B3-C165-4E0E-B2D2-B58E6780F2B5}.Debug|Any CPU.Build.0 = Debug|Any CPU
		{016374B3-C165-4E0E-B2D2-B58E6780F2B5}.Release|Any CPU.ActiveCfg = Release|Any CPU
		{016374B3-C165-4E0E-B2D2-B58E6780F2B5}.Release|Any CPU.Build.0 = Release|Any CPU
	EndGlobalSection
	GlobalSection(SolutionProperties) = preSolution
		HideSolutionNode = FALSE
	EndGlobalSection
	GlobalSection(ExtensibilityGlobals) = postSolution
		SolutionGuid = {76646A84-D070-408E-903E-CB00854DD23B}
	EndGlobalSection
EndGlobal
